// !$*UTF8*$!
{
	archiveVersion = 1;
	classes = {
	};
	objectVersion = 48;
	objects = {

/* Begin PBXBuildFile section */
		8C0FC0281F7A162A00975572 /* Test00GLKVC.m in Sources */ = {isa = PBXBuildFile; fileRef = 8C0FC0271F7A162A00975572 /* Test00GLKVC.m */; };
		8C17BCD71F7EC34800B3493A /* abc.png in Resources */ = {isa = PBXBuildFile; fileRef = 8C17BCD61F7EC33E00B3493A /* abc.png */; };
		8C6650CC1F8A82C000500022 /* Test03Multi-Texture.m in Sources */ = {isa = PBXBuildFile; fileRef = 8C6650CB1F8A82C000500022 /* Test03Multi-Texture.m */; };
		8C6650CF1F8A869600500022 /* beetle.png in Resources */ = {isa = PBXBuildFile; fileRef = 8C6650CD1F8A83C100500022 /* beetle.png */; };
		8C6650D01F8A869600500022 /* leaves.gif in Resources */ = {isa = PBXBuildFile; fileRef = 8C6650CE1F8A83C700500022 /* leaves.gif */; };
		8CFCEBF01F777BC000332379 /* AppDelegate.m in Sources */ = {isa = PBXBuildFile; fileRef = 8CFCEBEF1F777BC000332379 /* AppDelegate.m */; };
		8CFCEBF81F777BC000332379 /* Assets.xcassets in Resources */ = {isa = PBXBuildFile; fileRef = 8CFCEBF71F777BC000332379 /* Assets.xcassets */; };
		8CFCEBFB1F777BC000332379 /* LaunchScreen.storyboard in Resources */ = {isa = PBXBuildFile; fileRef = 8CFCEBF91F777BC000332379 /* LaunchScreen.storyboard */; };
		8CFCEBFE1F777BC000332379 /* main.m in Sources */ = {isa = PBXBuildFile; fileRef = 8CFCEBFD1F777BC000332379 /* main.m */; };
		8CFCEC221F779C9B00332379 /* Test01Texture.m in Sources */ = {isa = PBXBuildFile; fileRef = 8CFCEC211F779C9B00332379 /* Test01Texture.m */; };
		C34A010F1F90ADC4006B0916 /* AGLKView.m in Sources */ = {isa = PBXBuildFile; fileRef = C34A010E1F90ADC4006B0916 /* AGLKView.m */; };
		C34A01131F90ADF3006B0916 /* AGLKViewTest.m in Sources */ = {isa = PBXBuildFile; fileRef = C34A01121F90ADF3006B0916 /* AGLKViewTest.m */; };
		C3805EDA1F7F6F8700FF63E1 /* Test02TextureLoader.m in Sources */ = {isa = PBXBuildFile; fileRef = C3805ED91F7F6F8700FF63E1 /* Test02TextureLoader.m */; };
		C3805EEB1F7F896A00FF63E1 /* AGLKTextureLoader.m in Sources */ = {isa = PBXBuildFile; fileRef = C3805EEA1F7F896A00FF63E1 /* AGLKTextureLoader.m */; };
		C3805EF11F8B2DDF00FF63E1 /* Test04TextureEnvMode.m in Sources */ = {isa = PBXBuildFile; fileRef = C3805EF01F8B2DDF00FF63E1 /* Test04TextureEnvMode.m */; };
		C3805EFA1F8B59A400FF63E1 /* Test05WrapMode.m in Sources */ = {isa = PBXBuildFile; fileRef = C3805EF91F8B59A400FF63E1 /* Test05WrapMode.m */; };
		C3805F011F8B970700FF63E1 /* Test06TextureCompress.m in Sources */ = {isa = PBXBuildFile; fileRef = C3805F001F8B970700FF63E1 /* Test06TextureCompress.m */; };
		C38963191F9089C700FF3BB4 /* Main.storyboard in Resources */ = {isa = PBXBuildFile; fileRef = 8CFCEBF41F777BC000332379 /* Main.storyboard */; };
		C3EA249E1F8DB6AA0027EF51 /* Test07lightEffect.m in Sources */ = {isa = PBXBuildFile; fileRef = C3EA249D1F8DB6AA0027EF51 /* Test07lightEffect.m */; };
		C3EA24A91F8FC5200027EF51 /* LightingDetail256x256.png in Resources */ = {isa = PBXBuildFile; fileRef = C3EA24A81F8FC3380027EF51 /* LightingDetail256x256.png */; };
/* End PBXBuildFile section */

/* Begin PBXFileReference section */
		8C0FC0261F7A162A00975572 /* Test00GLKVC.h */ = {isa = PBXFileReference; lastKnownFileType = sourcecode.c.h; path = Test00GLKVC.h; sourceTree = "<group>"; };
		8C0FC0271F7A162A00975572 /* Test00GLKVC.m */ = {isa = PBXFileReference; lastKnownFileType = sourcecode.c.objc; path = Test00GLKVC.m; sourceTree = "<group>"; };
		8C17BCD61F7EC33E00B3493A /* abc.png */ = {isa = PBXFileReference; lastKnownFileType = image.png; path = abc.png; sourceTree = "<group>"; };
		8C6650CA1F8A82C000500022 /* Test03Multi-Texture.h */ = {isa = PBXFileReference; lastKnownFileType = sourcecode.c.h; path = "Test03Multi-Texture.h"; sourceTree = "<group>"; };
		8C6650CB1F8A82C000500022 /* Test03Multi-Texture.m */ = {isa = PBXFileReference; lastKnownFileType = sourcecode.c.objc; path = "Test03Multi-Texture.m"; sourceTree = "<group>"; };
		8C6650CD1F8A83C100500022 /* beetle.png */ = {isa = PBXFileReference; lastKnownFileType = image.png; path = beetle.png; sourceTree = "<group>"; };
		8C6650CE1F8A83C700500022 /* leaves.gif */ = {isa = PBXFileReference; lastKnownFileType = image.gif; path = leaves.gif; sourceTree = "<group>"; };
		8CFCEBEB1F777BC000332379 /* OpenGLES_DEMO.app */ = {isa = PBXFileReference; explicitFileType = wrapper.application; includeInIndex = 0; path = OpenGLES_DEMO.app; sourceTree = BUILT_PRODUCTS_DIR; };
		8CFCEBEE1F777BC000332379 /* AppDelegate.h */ = {isa = PBXFileReference; lastKnownFileType = sourcecode.c.h; path = AppDelegate.h; sourceTree = "<group>"; };
		8CFCEBEF1F777BC000332379 /* AppDelegate.m */ = {isa = PBXFileReference; lastKnownFileType = sourcecode.c.objc; path = AppDelegate.m; sourceTree = "<group>"; };
		8CFCEBF51F777BC000332379 /* Base */ = {isa = PBXFileReference; lastKnownFileType = file.storyboard; name = Base; path = Base.lproj/Main.storyboard; sourceTree = "<group>"; };
		8CFCEBF71F777BC000332379 /* Assets.xcassets */ = {isa = PBXFileReference; lastKnownFileType = folder.assetcatalog; path = Assets.xcassets; sourceTree = "<group>"; };
		8CFCEBFA1F777BC000332379 /* Base */ = {isa = PBXFileReference; lastKnownFileType = file.storyboard; name = Base; path = Base.lproj/LaunchScreen.storyboard; sourceTree = "<group>"; };
		8CFCEBFC1F777BC000332379 /* Info.plist */ = {isa = PBXFileReference; lastKnownFileType = text.plist.xml; path = Info.plist; sourceTree = "<group>"; };
		8CFCEBFD1F777BC000332379 /* main.m */ = {isa = PBXFileReference; lastKnownFileType = sourcecode.c.objc; path = main.m; sourceTree = "<group>"; };
		8CFCEC201F779C9B00332379 /* Test01Texture.h */ = {isa = PBXFileReference; lastKnownFileType = sourcecode.c.h; path = Test01Texture.h; sourceTree = "<group>"; };
		8CFCEC211F779C9B00332379 /* Test01Texture.m */ = {isa = PBXFileReference; lastKnownFileType = sourcecode.c.objc; path = Test01Texture.m; sourceTree = "<group>"; };
		C34A010D1F90ADC4006B0916 /* AGLKView.h */ = {isa = PBXFileReference; lastKnownFileType = sourcecode.c.h; path = AGLKView.h; sourceTree = "<group>"; };
		C34A010E1F90ADC4006B0916 /* AGLKView.m */ = {isa = PBXFileReference; lastKnownFileType = sourcecode.c.objc; path = AGLKView.m; sourceTree = "<group>"; };
		C34A01111F90ADF3006B0916 /* AGLKViewTest.h */ = {isa = PBXFileReference; lastKnownFileType = sourcecode.c.h; path = AGLKViewTest.h; sourceTree = "<group>"; };
		C34A01121F90ADF3006B0916 /* AGLKViewTest.m */ = {isa = PBXFileReference; lastKnownFileType = sourcecode.c.objc; path = AGLKViewTest.m; sourceTree = "<group>"; };
		C3805ED81F7F6F8700FF63E1 /* Test02TextureLoader.h */ = {isa = PBXFileReference; lastKnownFileType = sourcecode.c.h; path = Test02TextureLoader.h; sourceTree = "<group>"; };
		C3805ED91F7F6F8700FF63E1 /* Test02TextureLoader.m */ = {isa = PBXFileReference; lastKnownFileType = sourcecode.c.objc; path = Test02TextureLoader.m; sourceTree = "<group>"; };
		C3805EE91F7F896A00FF63E1 /* AGLKTextureLoader.h */ = {isa = PBXFileReference; lastKnownFileType = sourcecode.c.h; path = AGLKTextureLoader.h; sourceTree = "<group>"; };
		C3805EEA1F7F896A00FF63E1 /* AGLKTextureLoader.m */ = {isa = PBXFileReference; lastKnownFileType = sourcecode.c.objc; path = AGLKTextureLoader.m; sourceTree = "<group>"; };
		C3805EEF1F8B2DDF00FF63E1 /* Test04TextureEnvMode.h */ = {isa = PBXFileReference; lastKnownFileType = sourcecode.c.h; path = Test04TextureEnvMode.h; sourceTree = "<group>"; };
		C3805EF01F8B2DDF00FF63E1 /* Test04TextureEnvMode.m */ = {isa = PBXFileReference; lastKnownFileType = sourcecode.c.objc; path = Test04TextureEnvMode.m; sourceTree = "<group>"; };
		C3805EF81F8B59A400FF63E1 /* Test05WrapMode.h */ = {isa = PBXFileReference; lastKnownFileType = sourcecode.c.h; path = Test05WrapMode.h; sourceTree = "<group>"; };
		C3805EF91F8B59A400FF63E1 /* Test05WrapMode.m */ = {isa = PBXFileReference; lastKnownFileType = sourcecode.c.objc; path = Test05WrapMode.m; sourceTree = "<group>"; };
		C3805EFF1F8B970700FF63E1 /* Test06TextureCompress.h */ = {isa = PBXFileReference; lastKnownFileType = sourcecode.c.h; path = Test06TextureCompress.h; sourceTree = "<group>"; };
		C3805F001F8B970700FF63E1 /* Test06TextureCompress.m */ = {isa = PBXFileReference; lastKnownFileType = sourcecode.c.objc; path = Test06TextureCompress.m; sourceTree = "<group>"; };
		C3EA249C1F8DB6AA0027EF51 /* Test07lightEffect.h */ = {isa = PBXFileReference; lastKnownFileType = sourcecode.c.h; path = Test07lightEffect.h; sourceTree = "<group>"; };
		C3EA249D1F8DB6AA0027EF51 /* Test07lightEffect.m */ = {isa = PBXFileReference; lastKnownFileType = sourcecode.c.objc; path = Test07lightEffect.m; sourceTree = "<group>"; };
		C3EA24A71F8FC3380027EF51 /* Lighting256x256.png */ = {isa = PBXFileReference; lastKnownFileType = image.png; path = Lighting256x256.png; sourceTree = "<group>"; };
		C3EA24A81F8FC3380027EF51 /* LightingDetail256x256.png */ = {isa = PBXFileReference; lastKnownFileType = image.png; path = LightingDetail256x256.png; sourceTree = "<group>"; };
/* End PBXFileReference section */

/* Begin PBXFrameworksBuildPhase section */
		8CFCEBE81F777BC000332379 /* Frameworks */ = {
			isa = PBXFrameworksBuildPhase;
			buildActionMask = 2147483647;
			files = (
			);
			runOnlyForDeploymentPostprocessing = 0;
		};
/* End PBXFrameworksBuildPhase section */

/* Begin PBXGroup section */
		8C6650C61F8A820300500022 /* TextureLoader */ = {
			isa = PBXGroup;
			children = (
				C3805ED81F7F6F8700FF63E1 /* Test02TextureLoader.h */,
				C3805ED91F7F6F8700FF63E1 /* Test02TextureLoader.m */,
				C3805EE91F7F896A00FF63E1 /* AGLKTextureLoader.h */,
				C3805EEA1F7F896A00FF63E1 /* AGLKTextureLoader.m */,
			);
			path = TextureLoader;
			sourceTree = "<group>";
		};
		8C6650C71F8A821100500022 /* Texture */ = {
			isa = PBXGroup;
			children = (
				8CFCEC201F779C9B00332379 /* Test01Texture.h */,
				8CFCEC211F779C9B00332379 /* Test01Texture.m */,
			);
			path = Texture;
			sourceTree = "<group>";
		};
		8C6650C81F8A822300500022 /* GLKViewController */ = {
			isa = PBXGroup;
			children = (
				8C0FC0261F7A162A00975572 /* Test00GLKVC.h */,
				8C0FC0271F7A162A00975572 /* Test00GLKVC.m */,
			);
			path = GLKViewController;
			sourceTree = "<group>";
		};
		8C6650C91F8A827A00500022 /* Texture Multiple Render */ = {
			isa = PBXGroup;
			children = (
				8C6650CA1F8A82C000500022 /* Test03Multi-Texture.h */,
				8C6650CB1F8A82C000500022 /* Test03Multi-Texture.m */,
			);
			path = "Texture Multiple Render";
			sourceTree = "<group>";
		};
		8CFCEBE21F777BC000332379 = {
			isa = PBXGroup;
			children = (
				8CFCEBED1F777BC000332379 /* OpenGLES_DEMO */,
				8CFCEBEC1F777BC000332379 /* Products */,
			);
			sourceTree = "<group>";
		};
		8CFCEBEC1F777BC000332379 /* Products */ = {
			isa = PBXGroup;
			children = (
				8CFCEBEB1F777BC000332379 /* OpenGLES_DEMO.app */,
			);
			name = Products;
			sourceTree = "<group>";
		};
		8CFCEBED1F777BC000332379 /* OpenGLES_DEMO */ = {
			isa = PBXGroup;
			children = (
				C34A01101F90ADCD006B0916 /* GLKView */,
				8C6650C81F8A822300500022 /* GLKViewController */,
				8C6650C71F8A821100500022 /* Texture */,
				8C6650C61F8A820300500022 /* TextureLoader */,
				8C6650C91F8A827A00500022 /* Texture Multiple Render */,
				C3805EF21F8B2DEE00FF63E1 /* Texture Env Mode */,
				C3805EF71F8B598000FF63E1 /* Texture Wrap Mode */,
				C3805F021F8B971400FF63E1 /* Extension */,
				C3EA249F1F8DB6BC0027EF51 /* LightEffect */,
				8CFCEBEE1F777BC000332379 /* AppDelegate.h */,
				8CFCEBEF1F777BC000332379 /* AppDelegate.m */,
				8CFCEBF41F777BC000332379 /* Main.storyboard */,
				8CFCEBF71F777BC000332379 /* Assets.xcassets */,
				8CFCEBF91F777BC000332379 /* LaunchScreen.storyboard */,
				8CFCEBFC1F777BC000332379 /* Info.plist */,
				8CFCEBFD1F777BC000332379 /* main.m */,
				8C17BCD61F7EC33E00B3493A /* abc.png */,
				8C6650CD1F8A83C100500022 /* beetle.png */,
				8C6650CE1F8A83C700500022 /* leaves.gif */,
				C3EA24A71F8FC3380027EF51 /* Lighting256x256.png */,
				C3EA24A81F8FC3380027EF51 /* LightingDetail256x256.png */,
			);
			path = OpenGLES_DEMO;
			sourceTree = "<group>";
		};
		C34A01101F90ADCD006B0916 /* GLKView */ = {
			isa = PBXGroup;
			children = (
				C34A010D1F90ADC4006B0916 /* AGLKView.h */,
				C34A010E1F90ADC4006B0916 /* AGLKView.m */,
				C34A01111F90ADF3006B0916 /* AGLKViewTest.h */,
				C34A01121F90ADF3006B0916 /* AGLKViewTest.m */,
			);
			path = GLKView;
			sourceTree = "<group>";
		};
		C3805EF21F8B2DEE00FF63E1 /* Texture Env Mode */ = {
			isa = PBXGroup;
			children = (
				C3805EEF1F8B2DDF00FF63E1 /* Test04TextureEnvMode.h */,
				C3805EF01F8B2DDF00FF63E1 /* Test04TextureEnvMode.m */,
			);
			path = "Texture Env Mode";
			sourceTree = "<group>";
		};
		C3805EF71F8B598000FF63E1 /* Texture Wrap Mode */ = {
			isa = PBXGroup;
			children = (
				C3805EF81F8B59A400FF63E1 /* Test05WrapMode.h */,
				C3805EF91F8B59A400FF63E1 /* Test05WrapMode.m */,
			);
			path = "Texture Wrap Mode";
			sourceTree = "<group>";
		};
		C3805F021F8B971400FF63E1 /* Extension */ = {
			isa = PBXGroup;
			children = (
				C3805EFF1F8B970700FF63E1 /* Test06TextureCompress.h */,
				C3805F001F8B970700FF63E1 /* Test06TextureCompress.m */,
			);
			path = Extension;
			sourceTree = "<group>";
		};
		C3EA249F1F8DB6BC0027EF51 /* LightEffect */ = {
			isa = PBXGroup;
			children = (
				C3EA249C1F8DB6AA0027EF51 /* Test07lightEffect.h */,
				C3EA249D1F8DB6AA0027EF51 /* Test07lightEffect.m */,
			);
			path = LightEffect;
			sourceTree = "<group>";
		};
/* End PBXGroup section */

/* Begin PBXNativeTarget section */
		8CFCEBEA1F777BC000332379 /* OpenGLES_DEMO */ = {
			isa = PBXNativeTarget;
			buildConfigurationList = 8CFCEC171F777BC000332379 /* Build configuration list for PBXNativeTarget "OpenGLES_DEMO" */;
			buildPhases = (
				8CFCEBE71F777BC000332379 /* Sources */,
				8CFCEBE81F777BC000332379 /* Frameworks */,
				8CFCEBE91F777BC000332379 /* Resources */,
			);
			buildRules = (
			);
			dependencies = (
			);
			name = OpenGLES_DEMO;
			productName = com.alan.OpenGLES_01;
			productReference = 8CFCEBEB1F777BC000332379 /* OpenGLES_DEMO.app */;
			productType = "com.apple.product-type.application";
		};
/* End PBXNativeTarget section */

/* Begin PBXProject section */
		8CFCEBE31F777BC000332379 /* Project object */ = {
			isa = PBXProject;
			attributes = {
				LastUpgradeCheck = 0900;
				ORGANIZATIONNAME = "王可成";
				TargetAttributes = {
					8CFCEBEA1F777BC000332379 = {
						CreatedOnToolsVersion = 9.0;
						ProvisioningStyle = Automatic;
					};
				};
			};
			buildConfigurationList = 8CFCEBE61F777BC000332379 /* Build configuration list for PBXProject "OpenGLES_DEMO" */;
			compatibilityVersion = "Xcode 8.0";
			developmentRegion = en;
			hasScannedForEncodings = 0;
			knownRegions = (
				en,
				Base,
			);
			mainGroup = 8CFCEBE21F777BC000332379;
			productRefGroup = 8CFCEBEC1F777BC000332379 /* Products */;
			projectDirPath = "";
			projectRoot = "";
			targets = (
				8CFCEBEA1F777BC000332379 /* OpenGLES_DEMO */,
			);
		};
/* End PBXProject section */

/* Begin PBXResourcesBuildPhase section */
		8CFCEBE91F777BC000332379 /* Resources */ = {
			isa = PBXResourcesBuildPhase;
			buildActionMask = 2147483647;
			files = (
				C38963191F9089C700FF3BB4 /* Main.storyboard in Resources */,
				C3EA24A91F8FC5200027EF51 /* LightingDetail256x256.png in Resources */,
				8C6650CF1F8A869600500022 /* beetle.png in Resources */,
				8C6650D01F8A869600500022 /* leaves.gif in Resources */,
				8C17BCD71F7EC34800B3493A /* abc.png in Resources */,
				8CFCEBFB1F777BC000332379 /* LaunchScreen.storyboard in Resources */,
				8CFCEBF81F777BC000332379 /* Assets.xcassets in Resources */,
			);
			runOnlyForDeploymentPostprocessing = 0;
		};
/* End PBXResourcesBuildPhase section */

/* Begin PBXSourcesBuildPhase section */
		8CFCEBE71F777BC000332379 /* Sources */ = {
			isa = PBXSourcesBuildPhase;
			buildActionMask = 2147483647;
			files = (
				8CFCEBFE1F777BC000332379 /* main.m in Sources */,
				C3805F011F8B970700FF63E1 /* Test06TextureCompress.m in Sources */,
				8CFCEBF01F777BC000332379 /* AppDelegate.m in Sources */,
				C34A010F1F90ADC4006B0916 /* AGLKView.m in Sources */,
				C3805EDA1F7F6F8700FF63E1 /* Test02TextureLoader.m in Sources */,
				8CFCEC221F779C9B00332379 /* Test01Texture.m in Sources */,
				C3EA249E1F8DB6AA0027EF51 /* Test07lightEffect.m in Sources */,
				C3805EF11F8B2DDF00FF63E1 /* Test04TextureEnvMode.m in Sources */,
				8C6650CC1F8A82C000500022 /* Test03Multi-Texture.m in Sources */,
				8C0FC0281F7A162A00975572 /* Test00GLKVC.m in Sources */,
				C3805EEB1F7F896A00FF63E1 /* AGLKTextureLoader.m in Sources */,
				C34A01131F90ADF3006B0916 /* AGLKViewTest.m in Sources */,
				C3805EFA1F8B59A400FF63E1 /* Test05WrapMode.m in Sources */,
			);
			runOnlyForDeploymentPostprocessing = 0;
		};
/* End PBXSourcesBuildPhase section */

/* Begin PBXVariantGroup section */
		8CFCEBF41F777BC000332379 /* Main.storyboard */ = {
			isa = PBXVariantGroup;
			children = (
				8CFCEBF51F777BC000332379 /* Base */,
			);
			name = Main.storyboard;
			sourceTree = "<group>";
		};
		8CFCEBF91F777BC000332379 /* LaunchScreen.storyboard */ = {
			isa = PBXVariantGroup;
			children = (
				8CFCEBFA1F777BC000332379 /* Base */,
			);
			name = LaunchScreen.storyboard;
			sourceTree = "<group>";
		};
/* End PBXVariantGroup section */

/* Begin XCBuildConfiguration section */
		8CFCEC151F777BC000332379 /* Debug */ = {
			isa = XCBuildConfiguration;
			buildSettings = {
				ALWAYS_SEARCH_USER_PATHS = NO;
				CLANG_ANALYZER_NONNULL = YES;
				CLANG_ANALYZER_NUMBER_OBJECT_CONVERSION = YES_AGGRESSIVE;
				CLANG_CXX_LANGUAGE_STANDARD = "gnu++14";
				CLANG_CXX_LIBRARY = "libc++";
				CLANG_ENABLE_MODULES = YES;
				CLANG_ENABLE_OBJC_ARC = YES;
				CLANG_WARN_BLOCK_CAPTURE_AUTORELEASING = YES;
				CLANG_WARN_BOOL_CONVERSION = YES;
				CLANG_WARN_COMMA = YES;
				CLANG_WARN_CONSTANT_CONVERSION = YES;
				CLANG_WARN_DIRECT_OBJC_ISA_USAGE = YES_ERROR;
				CLANG_WARN_DOCUMENTATION_COMMENTS = YES;
				CLANG_WARN_EMPTY_BODY = YES;
				CLANG_WARN_ENUM_CONVERSION = YES;
				CLANG_WARN_INFINITE_RECURSION = YES;
				CLANG_WARN_INT_CONVERSION = YES;
				CLANG_WARN_NON_LITERAL_NULL_CONVERSION = YES;
				CLANG_WARN_OBJC_LITERAL_CONVERSION = YES;
				CLANG_WARN_OBJC_ROOT_CLASS = YES_ERROR;
				CLANG_WARN_RANGE_LOOP_ANALYSIS = YES;
				CLANG_WARN_STRICT_PROTOTYPES = YES;
				CLANG_WARN_SUSPICIOUS_MOVE = YES;
				CLANG_WARN_UNGUARDED_AVAILABILITY = YES_AGGRESSIVE;
				CLANG_WARN_UNREACHABLE_CODE = YES;
				CLANG_WARN__DUPLICATE_METHOD_MATCH = YES;
				CODE_SIGN_IDENTITY = "iPhone Developer";
				COPY_PHASE_STRIP = NO;
				DEBUG_INFORMATION_FORMAT = dwarf;
				ENABLE_STRICT_OBJC_MSGSEND = YES;
				ENABLE_TESTABILITY = YES;
				GCC_C_LANGUAGE_STANDARD = gnu11;
				GCC_DYNAMIC_NO_PIC = NO;
				GCC_NO_COMMON_BLOCKS = YES;
				GCC_OPTIMIZATION_LEVEL = 0;
				GCC_PREPROCESSOR_DEFINITIONS = (
					"DEBUG=1",
					"$(inherited)",
				);
				GCC_WARN_64_TO_32_BIT_CONVERSION = YES;
				GCC_WARN_ABOUT_RETURN_TYPE = YES_ERROR;
				GCC_WARN_UNDECLARED_SELECTOR = YES;
				GCC_WARN_UNINITIALIZED_AUTOS = YES_AGGRESSIVE;
				GCC_WARN_UNUSED_FUNCTION = YES;
				GCC_WARN_UNUSED_VARIABLE = YES;
				IPHONEOS_DEPLOYMENT_TARGET = 11.0;
				MTL_ENABLE_DEBUG_INFO = YES;
				ONLY_ACTIVE_ARCH = YES;
				SDKROOT = iphoneos;
			};
			name = Debug;
		};
		8CFCEC161F777BC000332379 /* Release */ = {
			isa = XCBuildConfiguration;
			buildSettings = {
				ALWAYS_SEARCH_USER_PATHS = NO;
				CLANG_ANALYZER_NONNULL = YES;
				CLANG_ANALYZER_NUMBER_OBJECT_CONVERSION = YES_AGGRESSIVE;
				CLANG_CXX_LANGUAGE_STANDARD = "gnu++14";
				CLANG_CXX_LIBRARY = "libc++";
				CLANG_ENABLE_MODULES = YES;
				CLANG_ENABLE_OBJC_ARC = YES;
				CLANG_WARN_BLOCK_CAPTURE_AUTORELEASING = YES;
				CLANG_WARN_BOOL_CONVERSION = YES;
				CLANG_WARN_COMMA = YES;
				CLANG_WARN_CONSTANT_CONVERSION = YES;
				CLANG_WARN_DIRECT_OBJC_ISA_USAGE = YES_ERROR;
				CLANG_WARN_DOCUMENTATION_COMMENTS = YES;
				CLANG_WARN_EMPTY_BODY = YES;
				CLANG_WARN_ENUM_CONVERSION = YES;
				CLANG_WARN_INFINITE_RECURSION = YES;
				CLANG_WARN_INT_CONVERSION = YES;
				CLANG_WARN_NON_LITERAL_NULL_CONVERSION = YES;
				CLANG_WARN_OBJC_LITERAL_CONVERSION = YES;
				CLANG_WARN_OBJC_ROOT_CLASS = YES_ERROR;
				CLANG_WARN_RANGE_LOOP_ANALYSIS = YES;
				CLANG_WARN_STRICT_PROTOTYPES = YES;
				CLANG_WARN_SUSPICIOUS_MOVE = YES;
				CLANG_WARN_UNGUARDED_AVAILABILITY = YES_AGGRESSIVE;
				CLANG_WARN_UNREACHABLE_CODE = YES;
				CLANG_WARN__DUPLICATE_METHOD_MATCH = YES;
				CODE_SIGN_IDENTITY = "iPhone Developer";
				COPY_PHASE_STRIP = NO;
				DEBUG_INFORMATION_FORMAT = "dwarf-with-dsym";
				ENABLE_NS_ASSERTIONS = NO;
				ENABLE_STRICT_OBJC_MSGSEND = YES;
				GCC_C_LANGUAGE_STANDARD = gnu11;
				GCC_NO_COMMON_BLOCKS = YES;
				GCC_WARN_64_TO_32_BIT_CONVERSION = YES;
				GCC_WARN_ABOUT_RETURN_TYPE = YES_ERROR;
				GCC_WARN_UNDECLARED_SELECTOR = YES;
				GCC_WARN_UNINITIALIZED_AUTOS = YES_AGGRESSIVE;
				GCC_WARN_UNUSED_FUNCTION = YES;
				GCC_WARN_UNUSED_VARIABLE = YES;
				IPHONEOS_DEPLOYMENT_TARGET = 11.0;
				MTL_ENABLE_DEBUG_INFO = NO;
				SDKROOT = iphoneos;
				VALIDATE_PRODUCT = YES;
			};
			name = Release;
		};
		8CFCEC181F777BC000332379 /* Debug */ = {
			isa = XCBuildConfiguration;
			buildSettings = {
				ASSETCATALOG_COMPILER_APPICON_NAME = AppIcon;
				CODE_SIGN_STYLE = Automatic;
				DEVELOPMENT_TEAM = HVZG4S3L8Y;
				INFOPLIST_FILE = OpenGLES_DEMO/Info.plist;
				IPHONEOS_DEPLOYMENT_TARGET = 8.0;
				LD_RUNPATH_SEARCH_PATHS = "$(inherited) @executable_path/Frameworks";
				PRODUCT_BUNDLE_IDENTIFIER = "com.alan.OpenGLES-01";
				PRODUCT_NAME = "$(TARGET_NAME)";
				TARGETED_DEVICE_FAMILY = 1;
			};
			name = Debug;
		};
		8CFCEC191F777BC000332379 /* Release */ = {
			isa = XCBuildConfiguration;
			buildSettings = {
				ASSETCATALOG_COMPILER_APPICON_NAME = AppIcon;
				CODE_SIGN_STYLE = Automatic;
				DEVELOPMENT_TEAM = HVZG4S3L8Y;
				INFOPLIST_FILE = OpenGLES_DEMO/Info.plist;
				IPHONEOS_DEPLOYMENT_TARGET = 8.0;
				LD_RUNPATH_SEARCH_PATHS = "$(inherited) @executable_path/Frameworks";
				PRODUCT_BUNDLE_IDENTIFIER = "com.alan.OpenGLES-01";
				PRODUCT_NAME = "$(TARGET_NAME)";
				TARGETED_DEVICE_FAMILY = 1;
			};
			name = Release;
		};
/* End XCBuildConfiguration section */

/* Begin XCConfigurationList section */
		8CFCEBE61F777BC000332379 /* Build configuration list for PBXProject "OpenGLES_DEMO" */ = {
			isa = XCConfigurationList;
			buildConfigurations = (
				8CFCEC151F777BC000332379 /* Debug */,
				8CFCEC161F777BC000332379 /* Release */,
			);
			defaultConfigurationIsVisible = 0;
			defaultConfigurationName = Release;
		};
		8CFCEC171F777BC000332379 /* Build configuration list for PBXNativeTarget "OpenGLES_DEMO" */ = {
			isa = XCConfigurationList;
			buildConfigurations = (
				8CFCEC181F777BC000332379 /* Debug */,
				8CFCEC191F777BC000332379 /* Release */,
			);
			defaultConfigurationIsVisible = 0;
			defaultConfigurationName = Release;
		};
/* End XCConfigurationList section */
	};
	rootObject = 8CFCEBE31F777BC000332379 /* Project object */;
}
